
Microsoft Visual Studio Solution File, Format Version 12.00
# Visual Studio Version 16
VisualStudioVersion = 16.0.31025.194
MinimumVisualStudioVersion = 10.0.40219.1
Project("{FAE04EC0-301F-11D3-BF4B-00C04F79EFBC}") = "DictionarySinifi", "DictionarySinifi\DictionarySinifi.csproj", "{92C7B3D8-4781-4C16-8218-33724CC1ABEF}"
EndProject
Global
	GlobalSection(SolutionConfigurationPlatforms) = preSolution
		Debug|Any CPU = Debug|Any CPU
		Release|Any CPU = Release|Any CPU
	EndGlobalSection
	GlobalSection(ProjectConfigurationPlatforms) = postSolution
		{92C7B3D8-4781-4C16-8218-33724CC1ABEF}.Debug|Any CPU.ActiveCfg = Debug|Any CPU
		{92C7B3D8-4781-4C16-8218-33724CC1ABEF}.Debug|Any CPU.Build.0 = Debug|Any CPU
		{92C7B3D8-4781-4C16-8218-33724CC1ABEF}.Release|Any CPU.ActiveCfg = Release|Any CPU
		{92C7B3D8-4781-4C16-8218-33724CC1ABEF}.Release|Any CPU.Build.0 = Release|Any CPU
	EndGlobalSection
	GlobalSection(SolutionProperties) = preSolution
		HideSolutionNode = FALSE
	EndGlobalSection
	GlobalSection(ExtensibilityGlobals) = postSolution
		SolutionGuid = {1C03E05D-898D-47FE-BBC3-A4610F221E64}
	EndGlobalSection
EndGlobal
